// !$*UTF8*$!
{
	archiveVersion = 1;
	classes = {
	};
	objectVersion = 46;
	objects = {

/* Begin PBXBuildFile section */
		5B0AD6B01E2838AC00EA5231 /* CollectionViewCell.swift in Sources */ = {isa = PBXBuildFile; fileRef = 5B0AD6AF1E2838AC00EA5231 /* CollectionViewCell.swift */; };
		5BAD9FFC1E033964009E6497 /* AppDelegate.swift in Sources */ = {isa = PBXBuildFile; fileRef = 5BAD9FFB1E033964009E6497 /* AppDelegate.swift */; };
		5BAD9FFE1E033964009E6497 /* ViewController.swift in Sources */ = {isa = PBXBuildFile; fileRef = 5BAD9FFD1E033964009E6497 /* ViewController.swift */; };
		5BADA0011E033964009E6497 /* Main.storyboard in Resources */ = {isa = PBXBuildFile; fileRef = 5BAD9FFF1E033964009E6497 /* Main.storyboard */; };
		5BADA0041E033964009E6497 /* Rooster_Notes.xcdatamodeld in Sources */ = {isa = PBXBuildFile; fileRef = 5BADA0021E033964009E6497 /* Rooster_Notes.xcdatamodeld */; };
		5BADA0061E033964009E6497 /* Assets.xcassets in Resources */ = {isa = PBXBuildFile; fileRef = 5BADA0051E033964009E6497 /* Assets.xcassets */; };
		5BADA0091E033964009E6497 /* LaunchScreen.storyboard in Resources */ = {isa = PBXBuildFile; fileRef = 5BADA0071E033964009E6497 /* LaunchScreen.storyboard */; };
		5BFB58161E535EA400E8E080 /* ShareViewController.swift in Sources */ = {isa = PBXBuildFile; fileRef = 5BFB58151E535EA400E8E080 /* ShareViewController.swift */; };
		5BFB58191E535EA400E8E080 /* MainInterface.storyboard in Resources */ = {isa = PBXBuildFile; fileRef = 5BFB58171E535EA400E8E080 /* MainInterface.storyboard */; };
		5BFB581D1E535EA400E8E080 /* RoosterShareExtension.appex in Embed App Extensions */ = {isa = PBXBuildFile; fileRef = 5BFB58131E535EA400E8E080 /* RoosterShareExtension.appex */; settings = {ATTRIBUTES = (RemoveHeadersOnCopy, ); }; };
/* End PBXBuildFile section */

/* Begin PBXContainerItemProxy section */
		5BFB581B1E535EA400E8E080 /* PBXContainerItemProxy */ = {
			isa = PBXContainerItemProxy;
			containerPortal = 5BAD9FF01E033963009E6497 /* Project object */;
			proxyType = 1;
			remoteGlobalIDString = 5BFB58121E535EA400E8E080;
			remoteInfo = RoosterShareExtension;
		};
/* End PBXContainerItemProxy section */

/* Begin PBXCopyFilesBuildPhase section */
		5BFB58211E535EA400E8E080 /* Embed App Extensions */ = {
			isa = PBXCopyFilesBuildPhase;
			buildActionMask = 2147483647;
			dstPath = "";
			dstSubfolderSpec = 13;
			files = (
				5BFB581D1E535EA400E8E080 /* RoosterShareExtension.appex in Embed App Extensions */,
			);
			name = "Embed App Extensions";
			runOnlyForDeploymentPostprocessing = 0;
		};
/* End PBXCopyFilesBuildPhase section */

/* Begin PBXFileReference section */
		5B0AD6AF1E2838AC00EA5231 /* CollectionViewCell.swift */ = {isa = PBXFileReference; fileEncoding = 4; lastKnownFileType = sourcecode.swift; path = CollectionViewCell.swift; sourceTree = "<group>"; };
		5BAD9FF81E033964009E6497 /* Rooster Notes.app */ = {isa = PBXFileReference; explicitFileType = wrapper.application; includeInIndex = 0; path = "Rooster Notes.app"; sourceTree = BUILT_PRODUCTS_DIR; };
		5BAD9FFB1E033964009E6497 /* AppDelegate.swift */ = {isa = PBXFileReference; lastKnownFileType = sourcecode.swift; path = AppDelegate.swift; sourceTree = "<group>"; };
		5BAD9FFD1E033964009E6497 /* ViewController.swift */ = {isa = PBXFileReference; lastKnownFileType = sourcecode.swift; path = ViewController.swift; sourceTree = "<group>"; };
		5BADA0001E033964009E6497 /* Base */ = {isa = PBXFileReference; lastKnownFileType = file.storyboard; name = Base; path = Base.lproj/Main.storyboard; sourceTree = "<group>"; };
		5BADA0031E033964009E6497 /* Rooster_Notes.xcdatamodel */ = {isa = PBXFileReference; lastKnownFileType = wrapper.xcdatamodel; path = Rooster_Notes.xcdatamodel; sourceTree = "<group>"; };
		5BADA0051E033964009E6497 /* Assets.xcassets */ = {isa = PBXFileReference; lastKnownFileType = folder.assetcatalog; path = Assets.xcassets; sourceTree = "<group>"; };
		5BADA0081E033964009E6497 /* Base */ = {isa = PBXFileReference; lastKnownFileType = file.storyboard; name = Base; path = Base.lproj/LaunchScreen.storyboard; sourceTree = "<group>"; };
		5BADA00A1E033964009E6497 /* Info.plist */ = {isa = PBXFileReference; lastKnownFileType = text.plist.xml; path = Info.plist; sourceTree = "<group>"; };
		5BFB58131E535EA400E8E080 /* RoosterShareExtension.appex */ = {isa = PBXFileReference; explicitFileType = "wrapper.app-extension"; includeInIndex = 0; path = RoosterShareExtension.appex; sourceTree = BUILT_PRODUCTS_DIR; };
		5BFB58151E535EA400E8E080 /* ShareViewController.swift */ = {isa = PBXFileReference; lastKnownFileType = sourcecode.swift; path = ShareViewController.swift; sourceTree = "<group>"; };
		5BFB58181E535EA400E8E080 /* Base */ = {isa = PBXFileReference; lastKnownFileType = file.storyboard; name = Base; path = Base.lproj/MainInterface.storyboard; sourceTree = "<group>"; };
		5BFB581A1E535EA400E8E080 /* Info.plist */ = {isa = PBXFileReference; lastKnownFileType = text.plist.xml; path = Info.plist; sourceTree = "<group>"; };
/* End PBXFileReference section */

/* Begin PBXFrameworksBuildPhase section */
		5BAD9FF51E033963009E6497 /* Frameworks */ = {
			isa = PBXFrameworksBuildPhase;
			buildActionMask = 2147483647;
			files = (
			);
			runOnlyForDeploymentPostprocessing = 0;
		};
		5BFB58101E535EA400E8E080 /* Frameworks */ = {
			isa = PBXFrameworksBuildPhase;
			buildActionMask = 2147483647;
			files = (
			);
			runOnlyForDeploymentPostprocessing = 0;
		};
/* End PBXFrameworksBuildPhase section */

/* Begin PBXGroup section */
		5BAD9FEF1E033963009E6497 = {
			isa = PBXGroup;
			children = (
				5BAD9FFA1E033964009E6497 /* Rooster Notes */,
				5BFB58141E535EA400E8E080 /* RoosterShareExtension */,
				5BAD9FF91E033964009E6497 /* Products */,
			);
			sourceTree = "<group>";
		};
		5BAD9FF91E033964009E6497 /* Products */ = {
			isa = PBXGroup;
			children = (
				5BAD9FF81E033964009E6497 /* Rooster Notes.app */,
				5BFB58131E535EA400E8E080 /* RoosterShareExtension.appex */,
			);
			name = Products;
			sourceTree = "<group>";
		};
		5BAD9FFA1E033964009E6497 /* Rooster Notes */ = {
			isa = PBXGroup;
			children = (
				5BAD9FFB1E033964009E6497 /* AppDelegate.swift */,
				5BAD9FFD1E033964009E6497 /* ViewController.swift */,
				5B0AD6AF1E2838AC00EA5231 /* CollectionViewCell.swift */,
				5BAD9FFF1E033964009E6497 /* Main.storyboard */,
				5BADA0051E033964009E6497 /* Assets.xcassets */,
				5BADA0071E033964009E6497 /* LaunchScreen.storyboard */,
				5BADA00A1E033964009E6497 /* Info.plist */,
				5BADA0021E033964009E6497 /* Rooster_Notes.xcdatamodeld */,
			);
			path = "Rooster Notes";
			sourceTree = "<group>";
		};
		5BFB58141E535EA400E8E080 /* RoosterShareExtension */ = {
			isa = PBXGroup;
			children = (
				5BFB58151E535EA400E8E080 /* ShareViewController.swift */,
				5BFB58171E535EA400E8E080 /* MainInterface.storyboard */,
				5BFB581A1E535EA400E8E080 /* Info.plist */,
			);
			path = RoosterShareExtension;
			sourceTree = "<group>";
		};
/* End PBXGroup section */

/* Begin PBXNativeTarget section */
		5BAD9FF71E033963009E6497 /* Rooster Notes */ = {
			isa = PBXNativeTarget;
			buildConfigurationList = 5BADA00D1E033964009E6497 /* Build configuration list for PBXNativeTarget "Rooster Notes" */;
			buildPhases = (
				5BAD9FF41E033963009E6497 /* Sources */,
				5BAD9FF51E033963009E6497 /* Frameworks */,
				5BAD9FF61E033963009E6497 /* Resources */,
				5BFB58211E535EA400E8E080 /* Embed App Extensions */,
			);
			buildRules = (
			);
			dependencies = (
				5BFB581C1E535EA400E8E080 /* PBXTargetDependency */,
			);
			name = "Rooster Notes";
			productName = "Rooster Notes";
			productReference = 5BAD9FF81E033964009E6497 /* Rooster Notes.app */;
			productType = "com.apple.product-type.application";
		};
		5BFB58121E535EA400E8E080 /* RoosterShareExtension */ = {
			isa = PBXNativeTarget;
			buildConfigurationList = 5BFB58201E535EA400E8E080 /* Build configuration list for PBXNativeTarget "RoosterShareExtension" */;
			buildPhases = (
				5BFB580F1E535EA400E8E080 /* Sources */,
				5BFB58101E535EA400E8E080 /* Frameworks */,
				5BFB58111E535EA400E8E080 /* Resources */,
			);
			buildRules = (
			);
			dependencies = (
			);
			name = RoosterShareExtension;
			productName = RoosterShareExtension;
			productReference = 5BFB58131E535EA400E8E080 /* RoosterShareExtension.appex */;
			productType = "com.apple.product-type.app-extension";
		};
/* End PBXNativeTarget section */

/* Begin PBXProject section */
		5BAD9FF01E033963009E6497 /* Project object */ = {
			isa = PBXProject;
			attributes = {
				LastSwiftUpdateCheck = 0820;
				LastUpgradeCheck = 0810;
				ORGANIZATIONNAME = "The Iron Yard";
				TargetAttributes = {
					5BAD9FF71E033963009E6497 = {
						CreatedOnToolsVersion = 8.1;
						DevelopmentTeam = NTJUS326KK;
						ProvisioningStyle = Automatic;
					};
					5BFB58121E535EA400E8E080 = {
						CreatedOnToolsVersion = 8.2.1;
						DevelopmentTeam = NTJUS326KK;
						ProvisioningStyle = Automatic;
					};
				};
			};
			buildConfigurationList = 5BAD9FF31E033963009E6497 /* Build configuration list for PBXProject "Rooster Notes" */;
			compatibilityVersion = "Xcode 3.2";
			developmentRegion = English;
			hasScannedForEncodings = 0;
			knownRegions = (
				en,
				Base,
			);
			mainGroup = 5BAD9FEF1E033963009E6497;
			productRefGroup = 5BAD9FF91E033964009E6497 /* Products */;
			projectDirPath = "";
			projectRoot = "";
			targets = (
				5BAD9FF71E033963009E6497 /* Rooster Notes */,
				5BFB58121E535EA400E8E080 /* RoosterShareExtension */,
			);
		};
/* End PBXProject section */

/* Begin PBXResourcesBuildPhase section */
		5BAD9FF61E033963009E6497 /* Resources */ = {
			isa = PBXResourcesBuildPhase;
			buildActionMask = 2147483647;
			files = (
				5BADA0091E033964009E6497 /* LaunchScreen.storyboard in Resources */,
				5BADA0061E033964009E6497 /* Assets.xcassets in Resources */,
				5BADA0011E033964009E6497 /* Main.storyboard in Resources */,
			);
			runOnlyForDeploymentPostprocessing = 0;
		};
		5BFB58111E535EA400E8E080 /* Resources */ = {
			isa = PBXResourcesBuildPhase;
			buildActionMask = 2147483647;
			files = (
				5BFB58191E535EA400E8E080 /* MainInterface.storyboard in Resources */,
			);
			runOnlyForDeploymentPostprocessing = 0;
		};
/* End PBXResourcesBuildPhase section */

/* Begin PBXSourcesBuildPhase section */
		5BAD9FF41E033963009E6497 /* Sources */ = {
			isa = PBXSourcesBuildPhase;
			buildActionMask = 2147483647;
			files = (
				5BAD9FFE1E033964009E6497 /* ViewController.swift in Sources */,
				5BADA0041E033964009E6497 /* Rooster_Notes.xcdatamodeld in Sources */,
				5B0AD6B01E2838AC00EA5231 /* CollectionViewCell.swift in Sources */,
				5BAD9FFC1E033964009E6497 /* AppDelegate.swift in Sources */,
			);
			runOnlyForDeploymentPostprocessing = 0;
		};
		5BFB580F1E535EA400E8E080 /* Sources */ = {
			isa = PBXSourcesBuildPhase;
			buildActionMask = 2147483647;
			files = (
				5BFB58161E535EA400E8E080 /* ShareViewController.swift in Sources */,
			);
			runOnlyForDeploymentPostprocessing = 0;
		};
/* End PBXSourcesBuildPhase section */

/* Begin PBXTargetDependency section */
		5BFB581C1E535EA400E8E080 /* PBXTargetDependency */ = {
			isa = PBXTargetDependency;
			target = 5BFB58121E535EA400E8E080 /* RoosterShareExtension */;
			targetProxy = 5BFB581B1E535EA400E8E080 /* PBXContainerItemProxy */;
		};
/* End PBXTargetDependency section */

/* Begin PBXVariantGroup section */
		5BAD9FFF1E033964009E6497 /* Main.storyboard */ = {
			isa = PBXVariantGroup;
			children = (
				5BADA0001E033964009E6497 /* Base */,
			);
			name = Main.storyboard;
			sourceTree = "<group>";
		};
		5BADA0071E033964009E6497 /* LaunchScreen.storyboard */ = {
			isa = PBXVariantGroup;
			children = (
				5BADA0081E033964009E6497 /* Base */,
			);
			name = LaunchScreen.storyboard;
			sourceTree = "<group>";
		};
		5BFB58171E535EA400E8E080 /* MainInterface.storyboard */ = {
			isa = PBXVariantGroup;
			children = (
				5BFB58181E535EA400E8E080 /* Base */,
			);
			name = MainInterface.storyboard;
			sourceTree = "<group>";
		};
/* End PBXVariantGroup section */

/* Begin XCBuildConfiguration section */
		5BADA00B1E033964009E6497 /* Debug */ = {
			isa = XCBuildConfiguration;
			buildSettings = {
				ALWAYS_SEARCH_USER_PATHS = NO;
				CLANG_ANALYZER_NONNULL = YES;
				CLANG_CXX_LANGUAGE_STANDARD = "gnu++0x";
				CLANG_CXX_LIBRARY = "libc++";
				CLANG_ENABLE_MODULES = YES;
				CLANG_ENABLE_OBJC_ARC = YES;
				CLANG_WARN_BOOL_CONVERSION = YES;
				CLANG_WARN_CONSTANT_CONVERSION = YES;
				CLANG_WARN_DIRECT_OBJC_ISA_USAGE = YES_ERROR;
				CLANG_WARN_DOCUMENTATION_COMMENTS = YES;
				CLANG_WARN_EMPTY_BODY = YES;
				CLANG_WARN_ENUM_CONVERSION = YES;
				CLANG_WARN_INFINITE_RECURSION = YES;
				CLANG_WARN_INT_CONVERSION = YES;
				CLANG_WARN_OBJC_ROOT_CLASS = YES_ERROR;
				CLANG_WARN_SUSPICIOUS_MOVES = YES;
				CLANG_WARN_UNREACHABLE_CODE = YES;
				CLANG_WARN__DUPLICATE_METHOD_MATCH = YES;
				"CODE_SIGN_IDENTITY[sdk=iphoneos*]" = "iPhone Developer";
				COPY_PHASE_STRIP = NO;
				DEBUG_INFORMATION_FORMAT = dwarf;
				ENABLE_STRICT_OBJC_MSGSEND = YES;
				ENABLE_TESTABILITY = YES;
				GCC_C_LANGUAGE_STANDARD = gnu99;
				GCC_DYNAMIC_NO_PIC = NO;
				GCC_NO_COMMON_BLOCKS = YES;
				GCC_OPTIMIZATION_LEVEL = 0;
				GCC_PREPROCESSOR_DEFINITIONS = (
					"DEBUG=1",
					"$(inherited)",
				);
				GCC_WARN_64_TO_32_BIT_CONVERSION = YES;
				GCC_WARN_ABOUT_RETURN_TYPE = YES_ERROR;
				GCC_WARN_UNDECLARED_SELECTOR = YES;
				GCC_WARN_UNINITIALIZED_AUTOS = YES_AGGRESSIVE;
				GCC_WARN_UNUSED_FUNCTION = YES;
				GCC_WARN_UNUSED_VARIABLE = YES;
				IPHONEOS_DEPLOYMENT_TARGET = 10.1;
				MTL_ENABLE_DEBUG_INFO = YES;
				ONLY_ACTIVE_ARCH = YES;
				SDKROOT = iphoneos;
				SWIFT_ACTIVE_COMPILATION_CONDITIONS = DEBUG;
				SWIFT_OPTIMIZATION_LEVEL = "-Onone";
				TARGETED_DEVICE_FAMILY = "1,2";
			};
			name = Debug;
		};
		5BADA00C1E033964009E6497 /* Release */ = {
			isa = XCBuildConfiguration;
			buildSettings = {
				ALWAYS_SEARCH_USER_PATHS = NO;
				CLANG_ANALYZER_NONNULL = YES;
				CLANG_CXX_LANGUAGE_STANDARD = "gnu++0x";
				CLANG_CXX_LIBRARY = "libc++";
				CLANG_ENABLE_MODULES = YES;
				CLANG_ENABLE_OBJC_ARC = YES;
				CLANG_WARN_BOOL_CONVERSION = YES;
				CLANG_WARN_CONSTANT_CONVERSION = YES;
				CLANG_WARN_DIRECT_OBJC_ISA_USAGE = YES_ERROR;
				CLANG_WARN_DOCUMENTATION_COMMENTS = YES;
				CLANG_WARN_EMPTY_BODY = YES;
				CLANG_WARN_ENUM_CONVERSION = YES;
				CLANG_WARN_INFINITE_RECURSION = YES;
				CLANG_WARN_INT_CONVERSION = YES;
				CLANG_WARN_OBJC_ROOT_CLASS = YES_ERROR;
				CLANG_WARN_SUSPICIOUS_MOVES = YES;
				CLANG_WARN_UNREACHABLE_CODE = YES;
				CLANG_WARN__DUPLICATE_METHOD_MATCH = YES;
				"CODE_SIGN_IDENTITY[sdk=iphoneos*]" = "iPhone Developer";
				COPY_PHASE_STRIP = NO;
				DEBUG_INFORMATION_FORMAT = "dwarf-with-dsym";
				ENABLE_NS_ASSERTIONS = NO;
				ENABLE_STRICT_OBJC_MSGSEND = YES;
				GCC_C_LANGUAGE_STANDARD = gnu99;
				GCC_NO_COMMON_BLOCKS = YES;
				GCC_WARN_64_TO_32_BIT_CONVERSION = YES;
				GCC_WARN_ABOUT_RETURN_TYPE = YES_ERROR;
				GCC_WARN_UNDECLARED_SELECTOR = YES;
				GCC_WARN_UNINITIALIZED_AUTOS = YES_AGGRESSIVE;
				GCC_WARN_UNUSED_FUNCTION = YES;
				GCC_WARN_UNUSED_VARIABLE = YES;
				IPHONEOS_DEPLOYMENT_TARGET = 10.1;
				MTL_ENABLE_DEBUG_INFO = NO;
				SDKROOT = iphoneos;
				SWIFT_OPTIMIZATION_LEVEL = "-Owholemodule";
				TARGETED_DEVICE_FAMILY = "1,2";
				VALIDATE_PRODUCT = YES;
			};
			name = Release;
		};
		5BADA00E1E033964009E6497 /* Debug */ = {
			isa = XCBuildConfiguration;
			buildSettings = {
				ALWAYS_EMBED_SWIFT_STANDARD_LIBRARIES = YES;
				ASSETCATALOG_COMPILER_APPICON_NAME = AppIcon;
				DEVELOPMENT_TEAM = NTJUS326KK;
				INFOPLIST_FILE = "Rooster Notes/Info.plist";
				LD_RUNPATH_SEARCH_PATHS = "$(inherited) @executable_path/Frameworks";
				PRODUCT_BUNDLE_IDENTIFIER = "com.tiy.Rooster-Notes";
				PRODUCT_NAME = "$(TARGET_NAME)";
				SWIFT_VERSION = 3.0;
			};
			name = Debug;
		};
		5BADA00F1E033964009E6497 /* Release */ = {
			isa = XCBuildConfiguration;
			buildSettings = {
				ALWAYS_EMBED_SWIFT_STANDARD_LIBRARIES = YES;
				ASSETCATALOG_COMPILER_APPICON_NAME = AppIcon;
				DEVELOPMENT_TEAM = NTJUS326KK;
				INFOPLIST_FILE = "Rooster Notes/Info.plist";
				LD_RUNPATH_SEARCH_PATHS = "$(inherited) @executable_path/Frameworks";
				PRODUCT_BUNDLE_IDENTIFIER = "com.tiy.Rooster-Notes";
				PRODUCT_NAME = "$(TARGET_NAME)";
				SWIFT_VERSION = 3.0;
			};
			name = Release;
		};
		5BFB581E1E535EA400E8E080 /* Debug */ = {
			isa = XCBuildConfiguration;
			buildSettings = {
				CLANG_WARN_SUSPICIOUS_MOVE = YES;
				DEVELOPMENT_TEAM = NTJUS326KK;
				INFOPLIST_FILE = RoosterShareExtension/Info.plist;
				IPHONEOS_DEPLOYMENT_TARGET = 10.2;
				LD_RUNPATH_SEARCH_PATHS = "$(inherited) @executable_path/Frameworks @executable_path/../../Frameworks";
				PRODUCT_BUNDLE_IDENTIFIER = "com.tiy.Rooster-Notes.RoosterShareExtension";
				PRODUCT_NAME = "$(TARGET_NAME)";
				SKIP_INSTALL = YES;
				SWIFT_VERSION = 3.0;
			};
			name = Debug;
		};
		5BFB581F1E535EA400E8E080 /* Release */ = {
			isa = XCBuildConfiguration;
			buildSettings = {
				CLANG_WARN_SUSPICIOUS_MOVE = YES;
				DEVELOPMENT_TEAM = NTJUS326KK;
				INFOPLIST_FILE = RoosterShareExtension/Info.plist;
				IPHONEOS_DEPLOYMENT_TARGET = 10.2;
				LD_RUNPATH_SEARCH_PATHS = "$(inherited) @executable_path/Frameworks @executable_path/../../Frameworks";
				PRODUCT_BUNDLE_IDENTIFIER = "com.tiy.Rooster-Notes.RoosterShareExtension";
				PRODUCT_NAME = "$(TARGET_NAME)";
				SKIP_INSTALL = YES;
				SWIFT_VERSION = 3.0;
			};
			name = Release;
		};
/* End XCBuildConfiguration section */

/* Begin XCConfigurationList section */
		5BAD9FF31E033963009E6497 /* Build configuration list for PBXProject "Rooster Notes" */ = {
			isa = XCConfigurationList;
			buildConfigurations = (
				5BADA00B1E033964009E6497 /* Debug */,
				5BADA00C1E033964009E6497 /* Release */,
			);
			defaultConfigurationIsVisible = 0;
			defaultConfigurationName = Release;
		};
		5BADA00D1E033964009E6497 /* Build configuration list for PBXNativeTarget "Rooster Notes" */ = {
			isa = XCConfigurationList;
			buildConfigurations = (
				5BADA00E1E033964009E6497 /* Debug */,
				5BADA00F1E033964009E6497 /* Release */,
			);
			defaultConfigurationIsVisible = 0;
			defaultConfigurationName = Release;
		};
		5BFB58201E535EA400E8E080 /* Build configuration list for PBXNativeTarget "RoosterShareExtension" */ = {
			isa = XCConfigurationList;
			buildConfigurations = (
				5BFB581E1E535EA400E8E080 /* Debug */,
				5BFB581F1E535EA400E8E080 /* Release */,
			);
			defaultConfigurationIsVisible = 0;
		};
/* End XCConfigurationList section */

/* Begin XCVersionGroup section */
		5BADA0021E033964009E6497 /* Rooster_Notes.xcdatamodeld */ = {
			isa = XCVersionGroup;
			children = (
				5BADA0031E033964009E6497 /* Rooster_Notes.xcdatamodel */,
			);
			currentVersion = 5BADA0031E033964009E6497 /* Rooster_Notes.xcdatamodel */;
			path = Rooster_Notes.xcdatamodeld;
			sourceTree = "<group>";
			versionGroupType = wrapper.xcdatamodel;
		};
/* End XCVersionGroup section */
	};
	rootObject = 5BAD9FF01E033963009E6497 /* Project object */;
}
